
Microsoft Visual Studio Solution File, Format Version 12.00
# Visual Studio 15
VisualStudioVersion = 15.0.28307.136
MinimumVisualStudioVersion = 10.0.40219.1
Project("{FAE04EC0-301F-11D3-BF4B-00C04F79EFBC}") = "03WebApplication", "03WebApplication\03WebApplication.csproj", "{739C1E2F-E19C-443F-A8A4-55B9A1C2289E}"
EndProject
Global
	GlobalSection(SolutionConfigurationPlatforms) = preSolution
		Debug|Any CPU = Debug|Any CPU
		Release|Any CPU = Release|Any CPU
	EndGlobalSection
	GlobalSection(ProjectConfigurationPlatforms) = postSolution
		{739C1E2F-E19C-443F-A8A4-55B9A1C2289E}.Debug|Any CPU.ActiveCfg = Debug|Any CPU
		{739C1E2F-E19C-443F-A8A4-55B9A1C2289E}.Debug|Any CPU.Build.0 = Debug|Any CPU
		{739C1E2F-E19C-443F-A8A4-55B9A1C2289E}.Release|Any CPU.ActiveCfg = Release|Any CPU
		{739C1E2F-E19C-443F-A8A4-55B9A1C2289E}.Release|Any CPU.Build.0 = Release|Any CPU
	EndGlobalSection
	GlobalSection(SolutionProperties) = preSolution
		HideSolutionNode = FALSE
	EndGlobalSection
	GlobalSection(ExtensibilityGlobals) = postSolution
		SolutionGuid = {DD397BAE-DE0F-4AA4-9E4B-7D205FB1A735}
	EndGlobalSection
EndGlobal
