
Microsoft Visual Studio Solution File, Format Version 12.00
# Visual Studio 15
VisualStudioVersion = 15.0.28307.136
MinimumVisualStudioVersion = 10.0.40219.1
Project("{FAE04EC0-301F-11D3-BF4B-00C04F79EFBC}") = "04MultipleServiceContracts", "04MultipleServiceContracts\04MultipleServiceContracts.csproj", "{8C72C913-579C-4AA6-A294-9B00A7E3F729}"
EndProject
Project("{FAE04EC0-301F-11D3-BF4B-00C04F79EFBC}") = "CompanyConsoleHost", "CompanyConsoleHost\CompanyConsoleHost.csproj", "{F9A9A6A9-CE74-4E0B-B09D-4D116DB90361}"
EndProject
Global
	GlobalSection(SolutionConfigurationPlatforms) = preSolution
		Debug|Any CPU = Debug|Any CPU
		Release|Any CPU = Release|Any CPU
	EndGlobalSection
	GlobalSection(ProjectConfigurationPlatforms) = postSolution
		{8C72C913-579C-4AA6-A294-9B00A7E3F729}.Debug|Any CPU.ActiveCfg = Debug|Any CPU
		{8C72C913-579C-4AA6-A294-9B00A7E3F729}.Debug|Any CPU.Build.0 = Debug|Any CPU
		{8C72C913-579C-4AA6-A294-9B00A7E3F729}.Release|Any CPU.ActiveCfg = Release|Any CPU
		{8C72C913-579C-4AA6-A294-9B00A7E3F729}.Release|Any CPU.Build.0 = Release|Any CPU
		{F9A9A6A9-CE74-4E0B-B09D-4D116DB90361}.Debug|Any CPU.ActiveCfg = Debug|Any CPU
		{F9A9A6A9-CE74-4E0B-B09D-4D116DB90361}.Debug|Any CPU.Build.0 = Debug|Any CPU
		{F9A9A6A9-CE74-4E0B-B09D-4D116DB90361}.Release|Any CPU.ActiveCfg = Release|Any CPU
		{F9A9A6A9-CE74-4E0B-B09D-4D116DB90361}.Release|Any CPU.Build.0 = Release|Any CPU
	EndGlobalSection
	GlobalSection(SolutionProperties) = preSolution
		HideSolutionNode = FALSE
	EndGlobalSection
	GlobalSection(ExtensibilityGlobals) = postSolution
		SolutionGuid = {66107FAC-6F53-41CB-87A3-810DF7EB4189}
	EndGlobalSection
EndGlobal
